Microsoft Visual Studio Solution File, Format Version 12.00
# Visual Studio Version 17
VisualStudioVersion = 17.5.2.0
MinimumVisualStudioVersion = 10.0.40219.1
Project("{FAE04EC0-301F-11D3-BF4B-00C04F79EFBC}") = "httpvalidarcpf", "httpvalidarcpf\httpvalidarcpf.csproj", "{8BC82888-9D30-6C7E-E1F4-B0D7B053281F}"
EndProject
Global
	GlobalSection(SolutionConfigurationPlatforms) = preSolution
		Debug|Any CPU = Debug|Any CPU
		Release|Any CPU = Release|Any CPU
	EndGlobalSection
	GlobalSection(ProjectConfigurationPlatforms) = postSolution
		{8BC82888-9D30-6C7E-E1F4-B0D7B053281F}.Debug|Any CPU.ActiveCfg = Debug|Any CPU
		{8BC82888-9D30-6C7E-E1F4-B0D7B053281F}.Debug|Any CPU.Build.0 = Debug|Any CPU
		{8BC82888-9D30-6C7E-E1F4-B0D7B053281F}.Release|Any CPU.ActiveCfg = Release|Any CPU
		{8BC82888-9D30-6C7E-E1F4-B0D7B053281F}.Release|Any CPU.Build.0 = Release|Any CPU
	EndGlobalSection
	GlobalSection(SolutionProperties) = preSolution
		HideSolutionNode = FALSE
	EndGlobalSection
	GlobalSection(ExtensibilityGlobals) = postSolution
		SolutionGuid = {F4651CB5-2718-4CDF-9451-148631AD87F8}
	EndGlobalSection
EndGlobal
